
Microsoft Visual Studio Solution File, Format Version 12.00
# Visual Studio 2012
Project("{FAE04EC0-301F-11D3-BF4B-00C04F79EFBC}") = "Dwscdv3.Random", "DwLib\Dwscdv3.Random.csproj", "{A16B3B98-C36B-4FCB-9300-38AC010529FA}"
EndProject
Project("{FAE04EC0-301F-11D3-BF4B-00C04F79EFBC}") = "Test", "Test\Test.csproj", "{6FA5B445-62D3-48FD-9736-CD5F044C9617}"
EndProject
Project("{FAE04EC0-301F-11D3-BF4B-00C04F79EFBC}") = "Test2", "Test2\Test2.csproj", "{F7AEF77C-E258-4DAF-9C9F-CCFEFC034FCF}"
EndProject
Project("{FAE04EC0-301F-11D3-BF4B-00C04F79EFBC}") = "Dwscdv3.DataType", "Dwscdv3.DataType\Dwscdv3.DataType.csproj", "{BBED9232-E361-4169-A561-812E576932CC}"
EndProject
Project("{FAE04EC0-301F-11D3-BF4B-00C04F79EFBC}") = "Dwscdv3.Collections", "Dwscdv3.Collections\Dwscdv3.Collections.csproj", "{EB10C08B-17A3-4DE0-AF09-4E3E3851DE3E}"
EndProject
Project("{FAE04EC0-301F-11D3-BF4B-00C04F79EFBC}") = "Test3", "Test3\Test3.csproj", "{97AE47D0-D8B7-4E8A-9FC6-507DC9230EE3}"
EndProject
Project("{FAE04EC0-301F-11D3-BF4B-00C04F79EFBC}") = "Dwscdv3.ExtensionMethod", "Dwscdv3.ExtensionMethod\Dwscdv3.ExtensionMethod.csproj", "{1F41C179-FD59-4BA2-8B92-48071C8C3D8B}"
EndProject
Project("{FAE04EC0-301F-11D3-BF4B-00C04F79EFBC}") = "Dwscdv3.Cryptography", "Dwscdv3.Cryptography\Dwscdv3.Cryptography.csproj", "{19B10F77-1488-4509-814F-5134B717BBBA}"
EndProject
Project("{FAE04EC0-301F-11D3-BF4B-00C04F79EFBC}") = "Dwscdv3.Timers", "Dwscdv3.Timers\Dwscdv3.Timers.csproj", "{55E0E35C-EDD6-452F-BD61-0BF5B678AEF7}"
EndProject
Project("{FAE04EC0-301F-11D3-BF4B-00C04F79EFBC}") = "WinFormTest1", "WinFormTest1\WinFormTest1.csproj", "{B199FCF1-013F-4776-8A95-77ED00DE4005}"
EndProject
Project("{FAE04EC0-301F-11D3-BF4B-00C04F79EFBC}") = "Dwscdv3.Encoding", "Dwscdv3.Encoding\Dwscdv3.Encoding.csproj", "{E49512C4-8C6F-484E-8ECE-1D786716FBD5}"
EndProject
Project("{FAE04EC0-301F-11D3-BF4B-00C04F79EFBC}") = "Test4", "Test4\Test4.csproj", "{16FC2BAA-7672-489D-84C6-81D997B4B872}"
EndProject
Project("{FAE04EC0-301F-11D3-BF4B-00C04F79EFBC}") = "Dwscdv3", "Dwscdv3\Dwscdv3.csproj", "{CA128A43-23FC-4196-999E-5CFE74EADD30}"
EndProject
Project("{FAE04EC0-301F-11D3-BF4B-00C04F79EFBC}") = "Test5", "Test5\Test5.csproj", "{CE6C45D0-AC9B-4D3B-923D-3C0CFDB57A76}"
EndProject
Project("{FAE04EC0-301F-11D3-BF4B-00C04F79EFBC}") = "Test6", "Test6\Test6.csproj", "{41B9F427-6110-4EA0-A514-E29E55811D4E}"
EndProject
Project("{FAE04EC0-301F-11D3-BF4B-00C04F79EFBC}") = "Test7", "Test7\Test7.csproj", "{01F1CD17-06BE-4A7B-B11F-605C748C37D5}"
EndProject
Project("{FAE04EC0-301F-11D3-BF4B-00C04F79EFBC}") = "Dwscdv3.Console", "Dwscdv3.Console\Dwscdv3.Console.csproj", "{18AC8765-D503-4076-A0A9-C9CA3F6181DF}"
EndProject
Project("{FAE04EC0-301F-11D3-BF4B-00C04F79EFBC}") = "Test8", "Test8\Test8.csproj", "{1E17498B-4F87-4F3A-BCA2-3EFDA9A1341D}"
EndProject
Project("{FAE04EC0-301F-11D3-BF4B-00C04F79EFBC}") = "CInterpreterTest", "CInterpreterTest\CInterpreterTest.csproj", "{7E8CD2AE-A389-47EA-8CC5-7EC2B6EC6BF9}"
EndProject
Project("{FAE04EC0-301F-11D3-BF4B-00C04F79EFBC}") = "Dwscdv3.Expression", "Dwscdv3.Expression\Dwscdv3.Expression.csproj", "{66E9B493-162F-4A96-A838-B83BC1B3AB11}"
EndProject
Project("{FAE04EC0-301F-11D3-BF4B-00C04F79EFBC}") = "Dwscdv3.Language", "Dwscdv3.Scanner\Dwscdv3.Language.csproj", "{AE8375E6-A34B-43A8-819F-AC2359275D85}"
EndProject
Project("{FAE04EC0-301F-11D3-BF4B-00C04F79EFBC}") = "img2txt", "img2txt\img2txt.csproj", "{7043F5AC-D4B8-447D-B1DE-4FBFC0DFF2F2}"
EndProject
Project("{FAE04EC0-301F-11D3-BF4B-00C04F79EFBC}") = "BadApple!!", "BadApple!!\BadApple!!.csproj", "{1CF3A558-7F14-4C74-BC53-F7C21D0ADF2A}"
EndProject
Project("{FAE04EC0-301F-11D3-BF4B-00C04F79EFBC}") = "Test9", "Test9\Test9.csproj", "{5D47EBAB-D772-4D08-AC84-8375A1761A64}"
EndProject
Project("{FAE04EC0-301F-11D3-BF4B-00C04F79EFBC}") = "UTF16LEConverter", "Test10\UTF16LEConverter.csproj", "{5A50D159-EC51-447B-9EB7-62CA71F844DF}"
EndProject
Project("{FAE04EC0-301F-11D3-BF4B-00C04F79EFBC}") = "Dwscdv3.Win32API", "Dwscdv3.Win32API\Dwscdv3.Win32API.csproj", "{88F6FFAC-F476-4549-B496-73688B191D1D}"
EndProject
Project("{FAE04EC0-301F-11D3-BF4B-00C04F79EFBC}") = "Dwscdv3.WPF.UserControls", "Dwscdv3.WPF.UserControls\Dwscdv3.WPF.UserControls.csproj", "{D1E89564-835D-4E84-A0D7-3944C28CE06A}"
EndProject
Project("{FAE04EC0-301F-11D3-BF4B-00C04F79EFBC}") = "WPFTest1", "WPFTest1\WPFTest1.csproj", "{23460FB8-5D8E-498E-9DE4-BDCFCB58CE95}"
EndProject
Project("{FAE04EC0-301F-11D3-BF4B-00C04F79EFBC}") = "Dwscdv3.Collections.Generic", "Dwscdv3.Collections.Generic\Dwscdv3.Collections.Generic.csproj", "{CECCFC24-C7A0-46E2-80BB-414C8F5C9F99}"
EndProject
Project("{FAE04EC0-301F-11D3-BF4B-00C04F79EFBC}") = "Test_泛型", "Test_泛型\Test_泛型.csproj", "{AD58F479-2829-4924-98C9-F56C37B61C30}"
EndProject
Project("{FAE04EC0-301F-11D3-BF4B-00C04F79EFBC}") = "Dwscdv3.Simulator.Assembly", "Dwscdv3.Simulator.Assembly\Dwscdv3.Simulator.Assembly.csproj", "{EEDFD33B-3778-4335-9C0C-DCE491B2DEA2}"
EndProject
Project("{FAE04EC0-301F-11D3-BF4B-00C04F79EFBC}") = "TestGeometry", "TestGeometry\TestGeometry.csproj", "{2F92BCF7-6BDD-4ECA-954E-42226058BD06}"
EndProject
Project("{FAE04EC0-301F-11D3-BF4B-00C04F79EFBC}") = "TestWin32API", "TestWin32API\TestWin32API.csproj", "{85ABF025-7E07-42B7-B6E6-BE7E3C08D928}"
EndProject
Project("{FAE04EC0-301F-11D3-BF4B-00C04F79EFBC}") = "Test_扩展方法", "Test_扩展方法\Test_扩展方法.csproj", "{DA85F420-3D2D-4AA2-BF27-2253612EF77C}"
EndProject
Project("{FAE04EC0-301F-11D3-BF4B-00C04F79EFBC}") = "Dwscdv3.Data.TextDB", "Dwscdv3.Data.TextDB\Dwscdv3.Data.TextDB.csproj", "{67C0670C-E910-43EB-A175-43F19FD837BB}"
EndProject
Global
	GlobalSection(SolutionConfigurationPlatforms) = preSolution
		Debug|Any CPU = Debug|Any CPU
		Release|Any CPU = Release|Any CPU
	EndGlobalSection
	GlobalSection(ProjectConfigurationPlatforms) = postSolution
		{A16B3B98-C36B-4FCB-9300-38AC010529FA}.Debug|Any CPU.ActiveCfg = Debug|Any CPU
		{A16B3B98-C36B-4FCB-9300-38AC010529FA}.Debug|Any CPU.Build.0 = Debug|Any CPU
		{A16B3B98-C36B-4FCB-9300-38AC010529FA}.Release|Any CPU.ActiveCfg = Release|Any CPU
		{A16B3B98-C36B-4FCB-9300-38AC010529FA}.Release|Any CPU.Build.0 = Release|Any CPU
		{6FA5B445-62D3-48FD-9736-CD5F044C9617}.Debug|Any CPU.ActiveCfg = Debug|Any CPU
		{6FA5B445-62D3-48FD-9736-CD5F044C9617}.Debug|Any CPU.Build.0 = Debug|Any CPU
		{6FA5B445-62D3-48FD-9736-CD5F044C9617}.Release|Any CPU.ActiveCfg = Release|Any CPU
		{6FA5B445-62D3-48FD-9736-CD5F044C9617}.Release|Any CPU.Build.0 = Release|Any CPU
		{F7AEF77C-E258-4DAF-9C9F-CCFEFC034FCF}.Debug|Any CPU.ActiveCfg = Debug|Any CPU
		{F7AEF77C-E258-4DAF-9C9F-CCFEFC034FCF}.Debug|Any CPU.Build.0 = Debug|Any CPU
		{F7AEF77C-E258-4DAF-9C9F-CCFEFC034FCF}.Release|Any CPU.ActiveCfg = Release|Any CPU
		{F7AEF77C-E258-4DAF-9C9F-CCFEFC034FCF}.Release|Any CPU.Build.0 = Release|Any CPU
		{BBED9232-E361-4169-A561-812E576932CC}.Debug|Any CPU.ActiveCfg = Debug|Any CPU
		{BBED9232-E361-4169-A561-812E576932CC}.Debug|Any CPU.Build.0 = Debug|Any CPU
		{BBED9232-E361-4169-A561-812E576932CC}.Release|Any CPU.ActiveCfg = Release|Any CPU
		{BBED9232-E361-4169-A561-812E576932CC}.Release|Any CPU.Build.0 = Release|Any CPU
		{EB10C08B-17A3-4DE0-AF09-4E3E3851DE3E}.Debug|Any CPU.ActiveCfg = Debug|Any CPU
		{EB10C08B-17A3-4DE0-AF09-4E3E3851DE3E}.Debug|Any CPU.Build.0 = Debug|Any CPU
		{EB10C08B-17A3-4DE0-AF09-4E3E3851DE3E}.Release|Any CPU.ActiveCfg = Release|Any CPU
		{EB10C08B-17A3-4DE0-AF09-4E3E3851DE3E}.Release|Any CPU.Build.0 = Release|Any CPU
		{97AE47D0-D8B7-4E8A-9FC6-507DC9230EE3}.Debug|Any CPU.ActiveCfg = Debug|Any CPU
		{97AE47D0-D8B7-4E8A-9FC6-507DC9230EE3}.Debug|Any CPU.Build.0 = Debug|Any CPU
		{97AE47D0-D8B7-4E8A-9FC6-507DC9230EE3}.Release|Any CPU.ActiveCfg = Release|Any CPU
		{97AE47D0-D8B7-4E8A-9FC6-507DC9230EE3}.Release|Any CPU.Build.0 = Release|Any CPU
		{1F41C179-FD59-4BA2-8B92-48071C8C3D8B}.Debug|Any CPU.ActiveCfg = Debug|Any CPU
		{1F41C179-FD59-4BA2-8B92-48071C8C3D8B}.Debug|Any CPU.Build.0 = Debug|Any CPU
		{1F41C179-FD59-4BA2-8B92-48071C8C3D8B}.Release|Any CPU.ActiveCfg = Release|Any CPU
		{1F41C179-FD59-4BA2-8B92-48071C8C3D8B}.Release|Any CPU.Build.0 = Release|Any CPU
		{19B10F77-1488-4509-814F-5134B717BBBA}.Debug|Any CPU.ActiveCfg = Debug|Any CPU
		{19B10F77-1488-4509-814F-5134B717BBBA}.Debug|Any CPU.Build.0 = Debug|Any CPU
		{19B10F77-1488-4509-814F-5134B717BBBA}.Release|Any CPU.ActiveCfg = Release|Any CPU
		{19B10F77-1488-4509-814F-5134B717BBBA}.Release|Any CPU.Build.0 = Release|Any CPU
		{55E0E35C-EDD6-452F-BD61-0BF5B678AEF7}.Debug|Any CPU.ActiveCfg = Debug|Any CPU
		{55E0E35C-EDD6-452F-BD61-0BF5B678AEF7}.Debug|Any CPU.Build.0 = Debug|Any CPU
		{55E0E35C-EDD6-452F-BD61-0BF5B678AEF7}.Release|Any CPU.ActiveCfg = Release|Any CPU
		{55E0E35C-EDD6-452F-BD61-0BF5B678AEF7}.Release|Any CPU.Build.0 = Release|Any CPU
		{B199FCF1-013F-4776-8A95-77ED00DE4005}.Debug|Any CPU.ActiveCfg = Debug|Any CPU
		{B199FCF1-013F-4776-8A95-77ED00DE4005}.Debug|Any CPU.Build.0 = Debug|Any CPU
		{B199FCF1-013F-4776-8A95-77ED00DE4005}.Release|Any CPU.ActiveCfg = Release|Any CPU
		{B199FCF1-013F-4776-8A95-77ED00DE4005}.Release|Any CPU.Build.0 = Release|Any CPU
		{E49512C4-8C6F-484E-8ECE-1D786716FBD5}.Debug|Any CPU.ActiveCfg = Debug|Any CPU
		{E49512C4-8C6F-484E-8ECE-1D786716FBD5}.Debug|Any CPU.Build.0 = Debug|Any CPU
		{E49512C4-8C6F-484E-8ECE-1D786716FBD5}.Release|Any CPU.ActiveCfg = Release|Any CPU
		{E49512C4-8C6F-484E-8ECE-1D786716FBD5}.Release|Any CPU.Build.0 = Release|Any CPU
		{16FC2BAA-7672-489D-84C6-81D997B4B872}.Debug|Any CPU.ActiveCfg = Debug|Any CPU
		{16FC2BAA-7672-489D-84C6-81D997B4B872}.Debug|Any CPU.Build.0 = Debug|Any CPU
		{16FC2BAA-7672-489D-84C6-81D997B4B872}.Release|Any CPU.ActiveCfg = Release|Any CPU
		{16FC2BAA-7672-489D-84C6-81D997B4B872}.Release|Any CPU.Build.0 = Release|Any CPU
		{CA128A43-23FC-4196-999E-5CFE74EADD30}.Debug|Any CPU.ActiveCfg = Debug|Any CPU
		{CA128A43-23FC-4196-999E-5CFE74EADD30}.Debug|Any CPU.Build.0 = Debug|Any CPU
		{CA128A43-23FC-4196-999E-5CFE74EADD30}.Release|Any CPU.ActiveCfg = Release|Any CPU
		{CA128A43-23FC-4196-999E-5CFE74EADD30}.Release|Any CPU.Build.0 = Release|Any CPU
		{CE6C45D0-AC9B-4D3B-923D-3C0CFDB57A76}.Debug|Any CPU.ActiveCfg = Debug|Any CPU
		{CE6C45D0-AC9B-4D3B-923D-3C0CFDB57A76}.Debug|Any CPU.Build.0 = Debug|Any CPU
		{CE6C45D0-AC9B-4D3B-923D-3C0CFDB57A76}.Release|Any CPU.ActiveCfg = Release|Any CPU
		{CE6C45D0-AC9B-4D3B-923D-3C0CFDB57A76}.Release|Any CPU.Build.0 = Release|Any CPU
		{41B9F427-6110-4EA0-A514-E29E55811D4E}.Debug|Any CPU.ActiveCfg = Debug|Any CPU
		{41B9F427-6110-4EA0-A514-E29E55811D4E}.Debug|Any CPU.Build.0 = Debug|Any CPU
		{41B9F427-6110-4EA0-A514-E29E55811D4E}.Release|Any CPU.ActiveCfg = Release|Any CPU
		{41B9F427-6110-4EA0-A514-E29E55811D4E}.Release|Any CPU.Build.0 = Release|Any CPU
		{01F1CD17-06BE-4A7B-B11F-605C748C37D5}.Debug|Any CPU.ActiveCfg = Debug|Any CPU
		{01F1CD17-06BE-4A7B-B11F-605C748C37D5}.Debug|Any CPU.Build.0 = Debug|Any CPU
		{01F1CD17-06BE-4A7B-B11F-605C748C37D5}.Release|Any CPU.ActiveCfg = Release|Any CPU
		{01F1CD17-06BE-4A7B-B11F-605C748C37D5}.Release|Any CPU.Build.0 = Release|Any CPU
		{18AC8765-D503-4076-A0A9-C9CA3F6181DF}.Debug|Any CPU.ActiveCfg = Debug|Any CPU
		{18AC8765-D503-4076-A0A9-C9CA3F6181DF}.Debug|Any CPU.Build.0 = Debug|Any CPU
		{18AC8765-D503-4076-A0A9-C9CA3F6181DF}.Release|Any CPU.ActiveCfg = Release|Any CPU
		{18AC8765-D503-4076-A0A9-C9CA3F6181DF}.Release|Any CPU.Build.0 = Release|Any CPU
		{1E17498B-4F87-4F3A-BCA2-3EFDA9A1341D}.Debug|Any CPU.ActiveCfg = Debug|Any CPU
		{1E17498B-4F87-4F3A-BCA2-3EFDA9A1341D}.Debug|Any CPU.Build.0 = Debug|Any CPU
		{1E17498B-4F87-4F3A-BCA2-3EFDA9A1341D}.Release|Any CPU.ActiveCfg = Release|Any CPU
		{1E17498B-4F87-4F3A-BCA2-3EFDA9A1341D}.Release|Any CPU.Build.0 = Release|Any CPU
		{7E8CD2AE-A389-47EA-8CC5-7EC2B6EC6BF9}.Debug|Any CPU.ActiveCfg = Debug|Any CPU
		{7E8CD2AE-A389-47EA-8CC5-7EC2B6EC6BF9}.Debug|Any CPU.Build.0 = Debug|Any CPU
		{7E8CD2AE-A389-47EA-8CC5-7EC2B6EC6BF9}.Release|Any CPU.ActiveCfg = Release|Any CPU
		{7E8CD2AE-A389-47EA-8CC5-7EC2B6EC6BF9}.Release|Any CPU.Build.0 = Release|Any CPU
		{66E9B493-162F-4A96-A838-B83BC1B3AB11}.Debug|Any CPU.ActiveCfg = Debug|Any CPU
		{66E9B493-162F-4A96-A838-B83BC1B3AB11}.Debug|Any CPU.Build.0 = Debug|Any CPU
		{66E9B493-162F-4A96-A838-B83BC1B3AB11}.Release|Any CPU.ActiveCfg = Release|Any CPU
		{66E9B493-162F-4A96-A838-B83BC1B3AB11}.Release|Any CPU.Build.0 = Release|Any CPU
		{AE8375E6-A34B-43A8-819F-AC2359275D85}.Debug|Any CPU.ActiveCfg = Debug|Any CPU
		{AE8375E6-A34B-43A8-819F-AC2359275D85}.Debug|Any CPU.Build.0 = Debug|Any CPU
		{AE8375E6-A34B-43A8-819F-AC2359275D85}.Release|Any CPU.ActiveCfg = Release|Any CPU
		{AE8375E6-A34B-43A8-819F-AC2359275D85}.Release|Any CPU.Build.0 = Release|Any CPU
		{7043F5AC-D4B8-447D-B1DE-4FBFC0DFF2F2}.Debug|Any CPU.ActiveCfg = Debug|Any CPU
		{7043F5AC-D4B8-447D-B1DE-4FBFC0DFF2F2}.Debug|Any CPU.Build.0 = Debug|Any CPU
		{7043F5AC-D4B8-447D-B1DE-4FBFC0DFF2F2}.Release|Any CPU.ActiveCfg = Release|Any CPU
		{7043F5AC-D4B8-447D-B1DE-4FBFC0DFF2F2}.Release|Any CPU.Build.0 = Release|Any CPU
		{1CF3A558-7F14-4C74-BC53-F7C21D0ADF2A}.Debug|Any CPU.ActiveCfg = Debug|Any CPU
		{1CF3A558-7F14-4C74-BC53-F7C21D0ADF2A}.Debug|Any CPU.Build.0 = Debug|Any CPU
		{1CF3A558-7F14-4C74-BC53-F7C21D0ADF2A}.Release|Any CPU.ActiveCfg = Release|Any CPU
		{1CF3A558-7F14-4C74-BC53-F7C21D0ADF2A}.Release|Any CPU.Build.0 = Release|Any CPU
		{5D47EBAB-D772-4D08-AC84-8375A1761A64}.Debug|Any CPU.ActiveCfg = Debug|Any CPU
		{5D47EBAB-D772-4D08-AC84-8375A1761A64}.Debug|Any CPU.Build.0 = Debug|Any CPU
		{5D47EBAB-D772-4D08-AC84-8375A1761A64}.Release|Any CPU.ActiveCfg = Release|Any CPU
		{5D47EBAB-D772-4D08-AC84-8375A1761A64}.Release|Any CPU.Build.0 = Release|Any CPU
		{5A50D159-EC51-447B-9EB7-62CA71F844DF}.Debug|Any CPU.ActiveCfg = Debug|Any CPU
		{5A50D159-EC51-447B-9EB7-62CA71F844DF}.Debug|Any CPU.Build.0 = Debug|Any CPU
		{5A50D159-EC51-447B-9EB7-62CA71F844DF}.Release|Any CPU.ActiveCfg = Release|Any CPU
		{5A50D159-EC51-447B-9EB7-62CA71F844DF}.Release|Any CPU.Build.0 = Release|Any CPU
		{88F6FFAC-F476-4549-B496-73688B191D1D}.Debug|Any CPU.ActiveCfg = Debug|Any CPU
		{88F6FFAC-F476-4549-B496-73688B191D1D}.Debug|Any CPU.Build.0 = Debug|Any CPU
		{88F6FFAC-F476-4549-B496-73688B191D1D}.Release|Any CPU.ActiveCfg = Release|Any CPU
		{88F6FFAC-F476-4549-B496-73688B191D1D}.Release|Any CPU.Build.0 = Release|Any CPU
		{D1E89564-835D-4E84-A0D7-3944C28CE06A}.Debug|Any CPU.ActiveCfg = Debug|Any CPU
		{D1E89564-835D-4E84-A0D7-3944C28CE06A}.Debug|Any CPU.Build.0 = Debug|Any CPU
		{D1E89564-835D-4E84-A0D7-3944C28CE06A}.Release|Any CPU.ActiveCfg = Release|Any CPU
		{D1E89564-835D-4E84-A0D7-3944C28CE06A}.Release|Any CPU.Build.0 = Release|Any CPU
		{23460FB8-5D8E-498E-9DE4-BDCFCB58CE95}.Debug|Any CPU.ActiveCfg = Debug|Any CPU
		{23460FB8-5D8E-498E-9DE4-BDCFCB58CE95}.Debug|Any CPU.Build.0 = Debug|Any CPU
		{23460FB8-5D8E-498E-9DE4-BDCFCB58CE95}.Release|Any CPU.ActiveCfg = Release|Any CPU
		{23460FB8-5D8E-498E-9DE4-BDCFCB58CE95}.Release|Any CPU.Build.0 = Release|Any CPU
		{CECCFC24-C7A0-46E2-80BB-414C8F5C9F99}.Debug|Any CPU.ActiveCfg = Debug|Any CPU
		{CECCFC24-C7A0-46E2-80BB-414C8F5C9F99}.Debug|Any CPU.Build.0 = Debug|Any CPU
		{CECCFC24-C7A0-46E2-80BB-414C8F5C9F99}.Release|Any CPU.ActiveCfg = Release|Any CPU
		{CECCFC24-C7A0-46E2-80BB-414C8F5C9F99}.Release|Any CPU.Build.0 = Release|Any CPU
		{AD58F479-2829-4924-98C9-F56C37B61C30}.Debug|Any CPU.ActiveCfg = Debug|Any CPU
		{AD58F479-2829-4924-98C9-F56C37B61C30}.Debug|Any CPU.Build.0 = Debug|Any CPU
		{AD58F479-2829-4924-98C9-F56C37B61C30}.Release|Any CPU.ActiveCfg = Release|Any CPU
		{AD58F479-2829-4924-98C9-F56C37B61C30}.Release|Any CPU.Build.0 = Release|Any CPU
		{EEDFD33B-3778-4335-9C0C-DCE491B2DEA2}.Debug|Any CPU.ActiveCfg = Debug|Any CPU
		{EEDFD33B-3778-4335-9C0C-DCE491B2DEA2}.Debug|Any CPU.Build.0 = Debug|Any CPU
		{EEDFD33B-3778-4335-9C0C-DCE491B2DEA2}.Release|Any CPU.ActiveCfg = Release|Any CPU
		{EEDFD33B-3778-4335-9C0C-DCE491B2DEA2}.Release|Any CPU.Build.0 = Release|Any CPU
		{2F92BCF7-6BDD-4ECA-954E-42226058BD06}.Debug|Any CPU.ActiveCfg = Debug|Any CPU
		{2F92BCF7-6BDD-4ECA-954E-42226058BD06}.Debug|Any CPU.Build.0 = Debug|Any CPU
		{2F92BCF7-6BDD-4ECA-954E-42226058BD06}.Release|Any CPU.ActiveCfg = Release|Any CPU
		{2F92BCF7-6BDD-4ECA-954E-42226058BD06}.Release|Any CPU.Build.0 = Release|Any CPU
		{85ABF025-7E07-42B7-B6E6-BE7E3C08D928}.Debug|Any CPU.ActiveCfg = Debug|Any CPU
		{85ABF025-7E07-42B7-B6E6-BE7E3C08D928}.Debug|Any CPU.Build.0 = Debug|Any CPU
		{85ABF025-7E07-42B7-B6E6-BE7E3C08D928}.Release|Any CPU.ActiveCfg = Release|Any CPU
		{85ABF025-7E07-42B7-B6E6-BE7E3C08D928}.Release|Any CPU.Build.0 = Release|Any CPU
		{DA85F420-3D2D-4AA2-BF27-2253612EF77C}.Debug|Any CPU.ActiveCfg = Debug|Any CPU
		{DA85F420-3D2D-4AA2-BF27-2253612EF77C}.Debug|Any CPU.Build.0 = Debug|Any CPU
		{DA85F420-3D2D-4AA2-BF27-2253612EF77C}.Release|Any CPU.ActiveCfg = Release|Any CPU
		{DA85F420-3D2D-4AA2-BF27-2253612EF77C}.Release|Any CPU.Build.0 = Release|Any CPU
		{67C0670C-E910-43EB-A175-43F19FD837BB}.Debug|Any CPU.ActiveCfg = Debug|Any CPU
		{67C0670C-E910-43EB-A175-43F19FD837BB}.Debug|Any CPU.Build.0 = Debug|Any CPU
		{67C0670C-E910-43EB-A175-43F19FD837BB}.Release|Any CPU.ActiveCfg = Release|Any CPU
		{67C0670C-E910-43EB-A175-43F19FD837BB}.Release|Any CPU.Build.0 = Release|Any CPU
	EndGlobalSection
	GlobalSection(SolutionProperties) = preSolution
		HideSolutionNode = FALSE
	EndGlobalSection
EndGlobal
